
Microsoft Visual Studio Solution File, Format Version 12.00
# Visual Studio Version 17
VisualStudioVersion = 17.0.31903.59
MinimumVisualStudioVersion = 10.0.40219.1
Project("{2150E333-8FDC-42A3-9474-1A3956D46DE8}") = "src", "src", "{827E0CD3-B72D-47B6-A68D-7590B98EB39B}"
EndProject
Project("{FAE04EC0-301F-11D3-BF4B-00C04F79EFBC}") = "TimeLogger.Domain", "src\TimeLogger.Domain\TimeLogger.Domain.csproj", "{4537BD1C-B1C2-4F49-B564-BDDEE33E5181}"
EndProject
Project("{FAE04EC0-301F-11D3-BF4B-00C04F79EFBC}") = "TimeLogger.Application", "src\TimeLogger.Application\TimeLogger.Application.csproj", "{9CD165AD-04EF-405E-94A6-7E53F6C7D3E6}"
EndProject
Project("{FAE04EC0-301F-11D3-BF4B-00C04F79EFBC}") = "TimeLogger.Infrastructure", "src\TimeLogger.Infrastructure\TimeLogger.Infrastructure.csproj", "{61668375-F068-48BB-81B9-BA28B92E2147}"
EndProject
Project("{FAE04EC0-301F-11D3-BF4B-00C04F79EFBC}") = "TimeLogger.Web", "src\TimeLogger.Web\TimeLogger.Web.csproj", "{78B932C2-51D7-45FA-96E8-6FF252C8239A}"
EndProject
Project("{FAE04EC0-301F-11D3-BF4B-00C04F79EFBC}") = "TimeLogger.Worker", "src\TimeLogger.Worker\TimeLogger.Worker.csproj", "{6171577E-9951-4E90-9BB2-FCF2DE62FBFD}"
EndProject
Project("{2150E333-8FDC-42A3-9474-1A3956D46DE8}") = "tests", "tests", "{0AB3BF05-4346-4AA6-1389-037BE0695223}"
EndProject
Project("{FAE04EC0-301F-11D3-BF4B-00C04F79EFBC}") = "TimeLogger.Application.Tests", "tests\TimeLogger.Application.Tests\TimeLogger.Application.Tests.csproj", "{17826DC1-2F11-420F-B729-BCAA0867E598}"
EndProject
Project("{FAE04EC0-301F-11D3-BF4B-00C04F79EFBC}") = "TimeLogger.Infrastructure.Tests", "tests\TimeLogger.Infrastructure.Tests\TimeLogger.Infrastructure.Tests.csproj", "{9E88BAE0-AE1D-45C8-966D-14BD7EB672E3}"
EndProject
Project("{FAE04EC0-301F-11D3-BF4B-00C04F79EFBC}") = "TimeLogger.Web.Tests", "tests\TimeLogger.Web.Tests\TimeLogger.Web.Tests.csproj", "{47821FBB-2246-43E8-9DC9-A042EEBF685F}"
EndProject
Global
	GlobalSection(SolutionConfigurationPlatforms) = preSolution
		Debug|Any CPU = Debug|Any CPU
		Debug|x64 = Debug|x64
		Debug|x86 = Debug|x86
		Release|Any CPU = Release|Any CPU
		Release|x64 = Release|x64
		Release|x86 = Release|x86
	EndGlobalSection
	GlobalSection(ProjectConfigurationPlatforms) = postSolution
		{4537BD1C-B1C2-4F49-B564-BDDEE33E5181}.Debug|Any CPU.ActiveCfg = Debug|Any CPU
		{4537BD1C-B1C2-4F49-B564-BDDEE33E5181}.Debug|Any CPU.Build.0 = Debug|Any CPU
		{4537BD1C-B1C2-4F49-B564-BDDEE33E5181}.Debug|x64.ActiveCfg = Debug|Any CPU
		{4537BD1C-B1C2-4F49-B564-BDDEE33E5181}.Debug|x64.Build.0 = Debug|Any CPU
		{4537BD1C-B1C2-4F49-B564-BDDEE33E5181}.Debug|x86.ActiveCfg = Debug|Any CPU
		{4537BD1C-B1C2-4F49-B564-BDDEE33E5181}.Debug|x86.Build.0 = Debug|Any CPU
		{4537BD1C-B1C2-4F49-B564-BDDEE33E5181}.Release|Any CPU.ActiveCfg = Release|Any CPU
		{4537BD1C-B1C2-4F49-B564-BDDEE33E5181}.Release|Any CPU.Build.0 = Release|Any CPU
		{4537BD1C-B1C2-4F49-B564-BDDEE33E5181}.Release|x64.ActiveCfg = Release|Any CPU
		{4537BD1C-B1C2-4F49-B564-BDDEE33E5181}.Release|x64.Build.0 = Release|Any CPU
		{4537BD1C-B1C2-4F49-B564-BDDEE33E5181}.Release|x86.ActiveCfg = Release|Any CPU
		{4537BD1C-B1C2-4F49-B564-BDDEE33E5181}.Release|x86.Build.0 = Release|Any CPU
		{9CD165AD-04EF-405E-94A6-7E53F6C7D3E6}.Debug|Any CPU.ActiveCfg = Debug|Any CPU
		{9CD165AD-04EF-405E-94A6-7E53F6C7D3E6}.Debug|Any CPU.Build.0 = Debug|Any CPU
		{9CD165AD-04EF-405E-94A6-7E53F6C7D3E6}.Debug|x64.ActiveCfg = Debug|Any CPU
		{9CD165AD-04EF-405E-94A6-7E53F6C7D3E6}.Debug|x64.Build.0 = Debug|Any CPU
		{9CD165AD-04EF-405E-94A6-7E53F6C7D3E6}.Debug|x86.ActiveCfg = Debug|Any CPU
		{9CD165AD-04EF-405E-94A6-7E53F6C7D3E6}.Debug|x86.Build.0 = Debug|Any CPU
		{9CD165AD-04EF-405E-94A6-7E53F6C7D3E6}.Release|Any CPU.ActiveCfg = Release|Any CPU
		{9CD165AD-04EF-405E-94A6-7E53F6C7D3E6}.Release|Any CPU.Build.0 = Release|Any CPU
		{9CD165AD-04EF-405E-94A6-7E53F6C7D3E6}.Release|x64.ActiveCfg = Release|Any CPU
		{9CD165AD-04EF-405E-94A6-7E53F6C7D3E6}.Release|x64.Build.0 = Release|Any CPU
		{9CD165AD-04EF-405E-94A6-7E53F6C7D3E6}.Release|x86.ActiveCfg = Release|Any CPU
		{9CD165AD-04EF-405E-94A6-7E53F6C7D3E6}.Release|x86.Build.0 = Release|Any CPU
		{61668375-F068-48BB-81B9-BA28B92E2147}.Debug|Any CPU.ActiveCfg = Debug|Any CPU
		{61668375-F068-48BB-81B9-BA28B92E2147}.Debug|Any CPU.Build.0 = Debug|Any CPU
		{61668375-F068-48BB-81B9-BA28B92E2147}.Debug|x64.ActiveCfg = Debug|Any CPU
		{61668375-F068-48BB-81B9-BA28B92E2147}.Debug|x64.Build.0 = Debug|Any CPU
		{61668375-F068-48BB-81B9-BA28B92E2147}.Debug|x86.ActiveCfg = Debug|Any CPU
		{61668375-F068-48BB-81B9-BA28B92E2147}.Debug|x86.Build.0 = Debug|Any CPU
		{61668375-F068-48BB-81B9-BA28B92E2147}.Release|Any CPU.ActiveCfg = Release|Any CPU
		{61668375-F068-48BB-81B9-BA28B92E2147}.Release|Any CPU.Build.0 = Release|Any CPU
		{61668375-F068-48BB-81B9-BA28B92E2147}.Release|x64.ActiveCfg = Release|Any CPU
		{61668375-F068-48BB-81B9-BA28B92E2147}.Release|x64.Build.0 = Release|Any CPU
		{61668375-F068-48BB-81B9-BA28B92E2147}.Release|x86.ActiveCfg = Release|Any CPU
		{61668375-F068-48BB-81B9-BA28B92E2147}.Release|x86.Build.0 = Release|Any CPU
		{78B932C2-51D7-45FA-96E8-6FF252C8239A}.Debug|Any CPU.ActiveCfg = Debug|Any CPU
		{78B932C2-51D7-45FA-96E8-6FF252C8239A}.Debug|Any CPU.Build.0 = Debug|Any CPU
		{78B932C2-51D7-45FA-96E8-6FF252C8239A}.Debug|x64.ActiveCfg = Debug|Any CPU
		{78B932C2-51D7-45FA-96E8-6FF252C8239A}.Debug|x64.Build.0 = Debug|Any CPU
		{78B932C2-51D7-45FA-96E8-6FF252C8239A}.Debug|x86.ActiveCfg = Debug|Any CPU
		{78B932C2-51D7-45FA-96E8-6FF252C8239A}.Debug|x86.Build.0 = Debug|Any CPU
		{78B932C2-51D7-45FA-96E8-6FF252C8239A}.Release|Any CPU.ActiveCfg = Release|Any CPU
		{78B932C2-51D7-45FA-96E8-6FF252C8239A}.Release|Any CPU.Build.0 = Release|Any CPU
		{78B932C2-51D7-45FA-96E8-6FF252C8239A}.Release|x64.ActiveCfg = Release|Any CPU
		{78B932C2-51D7-45FA-96E8-6FF252C8239A}.Release|x64.Build.0 = Release|Any CPU
		{78B932C2-51D7-45FA-96E8-6FF252C8239A}.Release|x86.ActiveCfg = Release|Any CPU
		{78B932C2-51D7-45FA-96E8-6FF252C8239A}.Release|x86.Build.0 = Release|Any CPU
		{6171577E-9951-4E90-9BB2-FCF2DE62FBFD}.Debug|Any CPU.ActiveCfg = Debug|Any CPU
		{6171577E-9951-4E90-9BB2-FCF2DE62FBFD}.Debug|Any CPU.Build.0 = Debug|Any CPU
		{6171577E-9951-4E90-9BB2-FCF2DE62FBFD}.Debug|x64.ActiveCfg = Debug|Any CPU
		{6171577E-9951-4E90-9BB2-FCF2DE62FBFD}.Debug|x64.Build.0 = Debug|Any CPU
		{6171577E-9951-4E90-9BB2-FCF2DE62FBFD}.Debug|x86.ActiveCfg = Debug|Any CPU
		{6171577E-9951-4E90-9BB2-FCF2DE62FBFD}.Debug|x86.Build.0 = Debug|Any CPU
		{6171577E-9951-4E90-9BB2-FCF2DE62FBFD}.Release|Any CPU.ActiveCfg = Release|Any CPU
		{6171577E-9951-4E90-9BB2-FCF2DE62FBFD}.Release|Any CPU.Build.0 = Release|Any CPU
		{6171577E-9951-4E90-9BB2-FCF2DE62FBFD}.Release|x64.ActiveCfg = Release|Any CPU
		{6171577E-9951-4E90-9BB2-FCF2DE62FBFD}.Release|x64.Build.0 = Release|Any CPU
		{6171577E-9951-4E90-9BB2-FCF2DE62FBFD}.Release|x86.ActiveCfg = Release|Any CPU
		{6171577E-9951-4E90-9BB2-FCF2DE62FBFD}.Release|x86.Build.0 = Release|Any CPU
		{17826DC1-2F11-420F-B729-BCAA0867E598}.Debug|Any CPU.ActiveCfg = Debug|Any CPU
		{17826DC1-2F11-420F-B729-BCAA0867E598}.Debug|Any CPU.Build.0 = Debug|Any CPU
		{17826DC1-2F11-420F-B729-BCAA0867E598}.Debug|x64.ActiveCfg = Debug|Any CPU
		{17826DC1-2F11-420F-B729-BCAA0867E598}.Debug|x64.Build.0 = Debug|Any CPU
		{17826DC1-2F11-420F-B729-BCAA0867E598}.Debug|x86.ActiveCfg = Debug|Any CPU
		{17826DC1-2F11-420F-B729-BCAA0867E598}.Debug|x86.Build.0 = Debug|Any CPU
		{17826DC1-2F11-420F-B729-BCAA0867E598}.Release|Any CPU.ActiveCfg = Release|Any CPU
		{17826DC1-2F11-420F-B729-BCAA0867E598}.Release|Any CPU.Build.0 = Release|Any CPU
		{17826DC1-2F11-420F-B729-BCAA0867E598}.Release|x64.ActiveCfg = Release|Any CPU
		{17826DC1-2F11-420F-B729-BCAA0867E598}.Release|x64.Build.0 = Release|Any CPU
		{17826DC1-2F11-420F-B729-BCAA0867E598}.Release|x86.ActiveCfg = Release|Any CPU
		{17826DC1-2F11-420F-B729-BCAA0867E598}.Release|x86.Build.0 = Release|Any CPU
		{9E88BAE0-AE1D-45C8-966D-14BD7EB672E3}.Debug|Any CPU.ActiveCfg = Debug|Any CPU
		{9E88BAE0-AE1D-45C8-966D-14BD7EB672E3}.Debug|Any CPU.Build.0 = Debug|Any CPU
		{9E88BAE0-AE1D-45C8-966D-14BD7EB672E3}.Debug|x64.ActiveCfg = Debug|Any CPU
		{9E88BAE0-AE1D-45C8-966D-14BD7EB672E3}.Debug|x64.Build.0 = Debug|Any CPU
		{9E88BAE0-AE1D-45C8-966D-14BD7EB672E3}.Debug|x86.ActiveCfg = Debug|Any CPU
		{9E88BAE0-AE1D-45C8-966D-14BD7EB672E3}.Debug|x86.Build.0 = Debug|Any CPU
		{9E88BAE0-AE1D-45C8-966D-14BD7EB672E3}.Release|Any CPU.ActiveCfg = Release|Any CPU
		{9E88BAE0-AE1D-45C8-966D-14BD7EB672E3}.Release|Any CPU.Build.0 = Release|Any CPU
		{9E88BAE0-AE1D-45C8-966D-14BD7EB672E3}.Release|x64.ActiveCfg = Release|Any CPU
		{9E88BAE0-AE1D-45C8-966D-14BD7EB672E3}.Release|x64.Build.0 = Release|Any CPU
		{9E88BAE0-AE1D-45C8-966D-14BD7EB672E3}.Release|x86.ActiveCfg = Release|Any CPU
		{9E88BAE0-AE1D-45C8-966D-14BD7EB672E3}.Release|x86.Build.0 = Release|Any CPU
		{47821FBB-2246-43E8-9DC9-A042EEBF685F}.Debug|Any CPU.ActiveCfg = Debug|Any CPU
		{47821FBB-2246-43E8-9DC9-A042EEBF685F}.Debug|Any CPU.Build.0 = Debug|Any CPU
		{47821FBB-2246-43E8-9DC9-A042EEBF685F}.Debug|x64.ActiveCfg = Debug|Any CPU
		{47821FBB-2246-43E8-9DC9-A042EEBF685F}.Debug|x64.Build.0 = Debug|Any CPU
		{47821FBB-2246-43E8-9DC9-A042EEBF685F}.Debug|x86.ActiveCfg = Debug|Any CPU
		{47821FBB-2246-43E8-9DC9-A042EEBF685F}.Debug|x86.Build.0 = Debug|Any CPU
		{47821FBB-2246-43E8-9DC9-A042EEBF685F}.Release|Any CPU.ActiveCfg = Release|Any CPU
		{47821FBB-2246-43E8-9DC9-A042EEBF685F}.Release|Any CPU.Build.0 = Release|Any CPU
		{47821FBB-2246-43E8-9DC9-A042EEBF685F}.Release|x64.ActiveCfg = Release|Any CPU
		{47821FBB-2246-43E8-9DC9-A042EEBF685F}.Release|x64.Build.0 = Release|Any CPU
		{47821FBB-2246-43E8-9DC9-A042EEBF685F}.Release|x86.ActiveCfg = Release|Any CPU
		{47821FBB-2246-43E8-9DC9-A042EEBF685F}.Release|x86.Build.0 = Release|Any CPU
	EndGlobalSection
	GlobalSection(SolutionProperties) = preSolution
		HideSolutionNode = FALSE
	EndGlobalSection
	GlobalSection(NestedProjects) = preSolution
		{4537BD1C-B1C2-4F49-B564-BDDEE33E5181} = {827E0CD3-B72D-47B6-A68D-7590B98EB39B}
		{9CD165AD-04EF-405E-94A6-7E53F6C7D3E6} = {827E0CD3-B72D-47B6-A68D-7590B98EB39B}
		{61668375-F068-48BB-81B9-BA28B92E2147} = {827E0CD3-B72D-47B6-A68D-7590B98EB39B}
		{78B932C2-51D7-45FA-96E8-6FF252C8239A} = {827E0CD3-B72D-47B6-A68D-7590B98EB39B}
		{6171577E-9951-4E90-9BB2-FCF2DE62FBFD} = {827E0CD3-B72D-47B6-A68D-7590B98EB39B}
		{17826DC1-2F11-420F-B729-BCAA0867E598} = {0AB3BF05-4346-4AA6-1389-037BE0695223}
		{9E88BAE0-AE1D-45C8-966D-14BD7EB672E3} = {0AB3BF05-4346-4AA6-1389-037BE0695223}
		{47821FBB-2246-43E8-9DC9-A042EEBF685F} = {0AB3BF05-4346-4AA6-1389-037BE0695223}
	EndGlobalSection
EndGlobal
